// !$*UTF8*$!
{
	archiveVersion = 1;
	classes = {
	};
	objectVersion = 56;
	objects = {

/* Begin PBXBuildFile section */
		18882EFC2AF4108D003DF668 /* AppDelegate.swift in Sources */ = {isa = PBXBuildFile; fileRef = 18882EFB2AF4108D003DF668 /* AppDelegate.swift */; };
		18882EFE2AF4108D003DF668 /* SceneDelegate.swift in Sources */ = {isa = PBXBuildFile; fileRef = 18882EFD2AF4108D003DF668 /* SceneDelegate.swift */; };
		18882F002AF4108D003DF668 /* ViewController.swift in Sources */ = {isa = PBXBuildFile; fileRef = 18882EFF2AF4108D003DF668 /* ViewController.swift */; };
		18882F032AF4108D003DF668 /* Main.storyboard in Resources */ = {isa = PBXBuildFile; fileRef = 18882F012AF4108D003DF668 /* Main.storyboard */; };
		18882F052AF4108F003DF668 /* Assets.xcassets in Resources */ = {isa = PBXBuildFile; fileRef = 18882F042AF4108F003DF668 /* Assets.xcassets */; };
		18882F082AF4108F003DF668 /* LaunchScreen.storyboard in Resources */ = {isa = PBXBuildFile; fileRef = 18882F062AF4108F003DF668 /* LaunchScreen.storyboard */; };
		18882F102AF4132B003DF668 /* CustomSegmentView.swift in Sources */ = {isa = PBXBuildFile; fileRef = 18882F0F2AF4132B003DF668 /* CustomSegmentView.swift */; };
/* End PBXBuildFile section */

/* Begin PBXFileReference section */
		18882EF82AF4108D003DF668 /* CustomSegmentController.app */ = {isa = PBXFileReference; explicitFileType = wrapper.application; includeInIndex = 0; path = CustomSegmentController.app; sourceTree = BUILT_PRODUCTS_DIR; };
		18882EFB2AF4108D003DF668 /* AppDelegate.swift */ = {isa = PBXFileReference; lastKnownFileType = sourcecode.swift; path = AppDelegate.swift; sourceTree = "<group>"; };
		18882EFD2AF4108D003DF668 /* SceneDelegate.swift */ = {isa = PBXFileReference; lastKnownFileType = sourcecode.swift; path = SceneDelegate.swift; sourceTree = "<group>"; };
		18882EFF2AF4108D003DF668 /* ViewController.swift */ = {isa = PBXFileReference; lastKnownFileType = sourcecode.swift; path = ViewController.swift; sourceTree = "<group>"; };
		18882F022AF4108D003DF668 /* Base */ = {isa = PBXFileReference; lastKnownFileType = file.storyboard; name = Base; path = Base.lproj/Main.storyboard; sourceTree = "<group>"; };
		18882F042AF4108F003DF668 /* Assets.xcassets */ = {isa = PBXFileReference; lastKnownFileType = folder.assetcatalog; path = Assets.xcassets; sourceTree = "<group>"; };
		18882F072AF4108F003DF668 /* Base */ = {isa = PBXFileReference; lastKnownFileType = file.storyboard; name = Base; path = Base.lproj/LaunchScreen.storyboard; sourceTree = "<group>"; };
		18882F092AF4108F003DF668 /* Info.plist */ = {isa = PBXFileReference; lastKnownFileType = text.plist.xml; path = Info.plist; sourceTree = "<group>"; };
		18882F0F2AF4132B003DF668 /* CustomSegmentView.swift */ = {isa = PBXFileReference; lastKnownFileType = sourcecode.swift; path = CustomSegmentView.swift; sourceTree = "<group>"; };
/* End PBXFileReference section */

/* Begin PBXFrameworksBuildPhase section */
		18882EF52AF4108C003DF668 /* Frameworks */ = {
			isa = PBXFrameworksBuildPhase;
			buildActionMask = 2147483647;
			files = (
			);
			runOnlyForDeploymentPostprocessing = 0;
		};
/* End PBXFrameworksBuildPhase section */

/* Begin PBXGroup section */
		18882EEF2AF4108C003DF668 = {
			isa = PBXGroup;
			children = (
				18882EFA2AF4108D003DF668 /* CustomSegmentController */,
				18882EF92AF4108D003DF668 /* Products */,
			);
			sourceTree = "<group>";
		};
		18882EF92AF4108D003DF668 /* Products */ = {
			isa = PBXGroup;
			children = (
				18882EF82AF4108D003DF668 /* CustomSegmentController.app */,
			);
			name = Products;
			sourceTree = "<group>";
		};
		18882EFA2AF4108D003DF668 /* CustomSegmentController */ = {
			isa = PBXGroup;
			children = (
				18882EFB2AF4108D003DF668 /* AppDelegate.swift */,
				18882EFD2AF4108D003DF668 /* SceneDelegate.swift */,
				18882F0F2AF4132B003DF668 /* CustomSegmentView.swift */,
				18882EFF2AF4108D003DF668 /* ViewController.swift */,
				18882F012AF4108D003DF668 /* Main.storyboard */,
				18882F042AF4108F003DF668 /* Assets.xcassets */,
				18882F062AF4108F003DF668 /* LaunchScreen.storyboard */,
				18882F092AF4108F003DF668 /* Info.plist */,
			);
			path = CustomSegmentController;
			sourceTree = "<group>";
		};
/* End PBXGroup section */

/* Begin PBXNativeTarget section */
		18882EF72AF4108C003DF668 /* CustomSegmentController */ = {
			isa = PBXNativeTarget;
			buildConfigurationList = 18882F0C2AF4108F003DF668 /* Build configuration list for PBXNativeTarget "CustomSegmentController" */;
			buildPhases = (
				18882EF42AF4108C003DF668 /* Sources */,
				18882EF52AF4108C003DF668 /* Frameworks */,
				18882EF62AF4108C003DF668 /* Resources */,
			);
			buildRules = (
			);
			dependencies = (
			);
			name = CustomSegmentController;
			productName = CustomSegmentController;
			productReference = 18882EF82AF4108D003DF668 /* CustomSegmentController.app */;
			productType = "com.apple.product-type.application";
		};
/* End PBXNativeTarget section */

/* Begin PBXProject section */
		18882EF02AF4108C003DF668 /* Project object */ = {
			isa = PBXProject;
			attributes = {
				BuildIndependentTargetsInParallel = 1;
				LastSwiftUpdateCheck = 1410;
				LastUpgradeCheck = 1410;
				TargetAttributes = {
					18882EF72AF4108C003DF668 = {
						CreatedOnToolsVersion = 14.1;
					};
				};
			};
			buildConfigurationList = 18882EF32AF4108C003DF668 /* Build configuration list for PBXProject "CustomSegmentController" */;
			compatibilityVersion = "Xcode 14.0";
			developmentRegion = en;
			hasScannedForEncodings = 0;
			knownRegions = (
				en,
				Base,
			);
			mainGroup = 18882EEF2AF4108C003DF668;
			productRefGroup = 18882EF92AF4108D003DF668 /* Products */;
			projectDirPath = "";
			projectRoot = "";
			targets = (
				18882EF72AF4108C003DF668 /* CustomSegmentController */,
			);
		};
/* End PBXProject section */

/* Begin PBXResourcesBuildPhase section */
		18882EF62AF4108C003DF668 /* Resources */ = {
			isa = PBXResourcesBuildPhase;
			buildActionMask = 2147483647;
			files = (
				18882F082AF4108F003DF668 /* LaunchScreen.storyboard in Resources */,
				18882F052AF4108F003DF668 /* Assets.xcassets in Resources */,
				18882F032AF4108D003DF668 /* Main.storyboard in Resources */,
			);
			runOnlyForDeploymentPostprocessing = 0;
		};
/* End PBXResourcesBuildPhase section */

/* Begin PBXSourcesBuildPhase section */
		18882EF42AF4108C003DF668 /* Sources */ = {
			isa = PBXSourcesBuildPhase;
			buildActionMask = 2147483647;
			files = (
				18882F002AF4108D003DF668 /* ViewController.swift in Sources */,
				18882EFC2AF4108D003DF668 /* AppDelegate.swift in Sources */,
				18882EFE2AF4108D003DF668 /* SceneDelegate.swift in Sources */,
				18882F102AF4132B003DF668 /* CustomSegmentView.swift in Sources */,
			);
			runOnlyForDeploymentPostprocessing = 0;
		};
/* End PBXSourcesBuildPhase section */

/* Begin PBXVariantGroup section */
		18882F012AF4108D003DF668 /* Main.storyboard */ = {
			isa = PBXVariantGroup;
			children = (
				18882F022AF4108D003DF668 /* Base */,
			);
			name = Main.storyboard;
			sourceTree = "<group>";
		};
		18882F062AF4108F003DF668 /* LaunchScreen.storyboard */ = {
			isa = PBXVariantGroup;
			children = (
				18882F072AF4108F003DF668 /* Base */,
			);
			name = LaunchScreen.storyboard;
			sourceTree = "<group>";
		};
/* End PBXVariantGroup section */

/* Begin XCBuildConfiguration section */
		18882F0A2AF4108F003DF668 /* Debug */ = {
			isa = XCBuildConfiguration;
			buildSettings = {
				ALWAYS_SEARCH_USER_PATHS = NO;
				CLANG_ANALYZER_NONNULL = YES;
				CLANG_ANALYZER_NUMBER_OBJECT_CONVERSION = YES_AGGRESSIVE;
				CLANG_CXX_LANGUAGE_STANDARD = "gnu++20";
				CLANG_ENABLE_MODULES = YES;
				CLANG_ENABLE_OBJC_ARC = YES;
				CLANG_ENABLE_OBJC_WEAK = YES;
				CLANG_WARN_BLOCK_CAPTURE_AUTORELEASING = YES;
				CLANG_WARN_BOOL_CONVERSION = YES;
				CLANG_WARN_COMMA = YES;
				CLANG_WARN_CONSTANT_CONVERSION = YES;
				CLANG_WARN_DEPRECATED_OBJC_IMPLEMENTATIONS = YES;
				CLANG_WARN_DIRECT_OBJC_ISA_USAGE = YES_ERROR;
				CLANG_WARN_DOCUMENTATION_COMMENTS = YES;
				CLANG_WARN_EMPTY_BODY = YES;
				CLANG_WARN_ENUM_CONVERSION = YES;
				CLANG_WARN_INFINITE_RECURSION = YES;
				CLANG_WARN_INT_CONVERSION = YES;
				CLANG_WARN_NON_LITERAL_NULL_CONVERSION = YES;
				CLANG_WARN_OBJC_IMPLICIT_RETAIN_SELF = YES;
				CLANG_WARN_OBJC_LITERAL_CONVERSION = YES;
				CLANG_WARN_OBJC_ROOT_CLASS = YES_ERROR;
				CLANG_WARN_QUOTED_INCLUDE_IN_FRAMEWORK_HEADER = YES;
				CLANG_WARN_RANGE_LOOP_ANALYSIS = YES;
				CLANG_WARN_STRICT_PROTOTYPES = YES;
				CLANG_WARN_SUSPICIOUS_MOVE = YES;
				CLANG_WARN_UNGUARDED_AVAILABILITY = YES_AGGRESSIVE;
				CLANG_WARN_UNREACHABLE_CODE = YES;
				CLANG_WARN__DUPLICATE_METHOD_MATCH = YES;
				COPY_PHASE_STRIP = NO;
				DEBUG_INFORMATION_FORMAT = dwarf;
				ENABLE_STRICT_OBJC_MSGSEND = YES;
				ENABLE_TESTABILITY = YES;
				GCC_C_LANGUAGE_STANDARD = gnu11;
				GCC_DYNAMIC_NO_PIC = NO;
				GCC_NO_COMMON_BLOCKS = YES;
				GCC_OPTIMIZATION_LEVEL = 0;
				GCC_PREPROCESSOR_DEFINITIONS = (
					"DEBUG=1",
					"$(inherited)",
				);
				GCC_WARN_64_TO_32_BIT_CONVERSION = YES;
				GCC_WARN_ABOUT_RETURN_TYPE = YES_ERROR;
				GCC_WARN_UNDECLARED_SELECTOR = YES;
				GCC_WARN_UNINITIALIZED_AUTOS = YES_AGGRESSIVE;
				GCC_WARN_UNUSED_FUNCTION = YES;
				GCC_WARN_UNUSED_VARIABLE = YES;
				IPHONEOS_DEPLOYMENT_TARGET = 16.1;
				MTL_ENABLE_DEBUG_INFO = INCLUDE_SOURCE;
				MTL_FAST_MATH = YES;
				ONLY_ACTIVE_ARCH = YES;
				SDKROOT = iphoneos;
				SWIFT_ACTIVE_COMPILATION_CONDITIONS = DEBUG;
				SWIFT_OPTIMIZATION_LEVEL = "-Onone";
			};
			name = Debug;
		};
		18882F0B2AF4108F003DF668 /* Release */ = {
			isa = XCBuildConfiguration;
			buildSettings = {
				ALWAYS_SEARCH_USER_PATHS = NO;
				CLANG_ANALYZER_NONNULL = YES;
				CLANG_ANALYZER_NUMBER_OBJECT_CONVERSION = YES_AGGRESSIVE;
				CLANG_CXX_LANGUAGE_STANDARD = "gnu++20";
				CLANG_ENABLE_MODULES = YES;
				CLANG_ENABLE_OBJC_ARC = YES;
				CLANG_ENABLE_OBJC_WEAK = YES;
				CLANG_WARN_BLOCK_CAPTURE_AUTORELEASING = YES;
				CLANG_WARN_BOOL_CONVERSION = YES;
				CLANG_WARN_COMMA = YES;
				CLANG_WARN_CONSTANT_CONVERSION = YES;
				CLANG_WARN_DEPRECATED_OBJC_IMPLEMENTATIONS = YES;
				CLANG_WARN_DIRECT_OBJC_ISA_USAGE = YES_ERROR;
				CLANG_WARN_DOCUMENTATION_COMMENTS = YES;
				CLANG_WARN_EMPTY_BODY = YES;
				CLANG_WARN_ENUM_CONVERSION = YES;
				CLANG_WARN_INFINITE_RECURSION = YES;
				CLANG_WARN_INT_CONVERSION = YES;
				CLANG_WARN_NON_LITERAL_NULL_CONVERSION = YES;
				CLANG_WARN_OBJC_IMPLICIT_RETAIN_SELF = YES;
				CLANG_WARN_OBJC_LITERAL_CONVERSION = YES;
				CLANG_WARN_OBJC_ROOT_CLASS = YES_ERROR;
				CLANG_WARN_QUOTED_INCLUDE_IN_FRAMEWORK_HEADER = YES;
				CLANG_WARN_RANGE_LOOP_ANALYSIS = YES;
				CLANG_WARN_STRICT_PROTOTYPES = YES;
				CLANG_WARN_SUSPICIOUS_MOVE = YES;
				CLANG_WARN_UNGUARDED_AVAILABILITY = YES_AGGRESSIVE;
				CLANG_WARN_UNREACHABLE_CODE = YES;
				CLANG_WARN__DUPLICATE_METHOD_MATCH = YES;
				COPY_PHASE_STRIP = NO;
				DEBUG_INFORMATION_FORMAT = "dwarf-with-dsym";
				ENABLE_NS_ASSERTIONS = NO;
				ENABLE_STRICT_OBJC_MSGSEND = YES;
				GCC_C_LANGUAGE_STANDARD = gnu11;
				GCC_NO_COMMON_BLOCKS = YES;
				GCC_WARN_64_TO_32_BIT_CONVERSION = YES;
				GCC_WARN_ABOUT_RETURN_TYPE = YES_ERROR;
				GCC_WARN_UNDECLARED_SELECTOR = YES;
				GCC_WARN_UNINITIALIZED_AUTOS = YES_AGGRESSIVE;
				GCC_WARN_UNUSED_FUNCTION = YES;
				GCC_WARN_UNUSED_VARIABLE = YES;
				IPHONEOS_DEPLOYMENT_TARGET = 16.1;
				MTL_ENABLE_DEBUG_INFO = NO;
				MTL_FAST_MATH = YES;
				SDKROOT = iphoneos;
				SWIFT_COMPILATION_MODE = wholemodule;
				SWIFT_OPTIMIZATION_LEVEL = "-O";
				VALIDATE_PRODUCT = YES;
			};
			name = Release;
		};
		18882F0D2AF4108F003DF668 /* Debug */ = {
			isa = XCBuildConfiguration;
			buildSettings = {
				ASSETCATALOG_COMPILER_APPICON_NAME = AppIcon;
				ASSETCATALOG_COMPILER_GLOBAL_ACCENT_COLOR_NAME = AccentColor;
				CODE_SIGN_STYLE = Automatic;
				CURRENT_PROJECT_VERSION = 1;
				DEVELOPMENT_TEAM = DFJ92ZS92X;
				GENERATE_INFOPLIST_FILE = YES;
				INFOPLIST_FILE = CustomSegmentController/Info.plist;
				INFOPLIST_KEY_UIApplicationSupportsIndirectInputEvents = YES;
				INFOPLIST_KEY_UILaunchStoryboardName = LaunchScreen;
				INFOPLIST_KEY_UIMainStoryboardFile = Main;
				INFOPLIST_KEY_UISupportedInterfaceOrientations = UIInterfaceOrientationPortrait;
				LD_RUNPATH_SEARCH_PATHS = (
					"$(inherited)",
					"@executable_path/Frameworks",
				);
				MARKETING_VERSION = 1.0;
				PRODUCT_BUNDLE_IDENTIFIER = com.customSegmentController.CustomSegmentController;
				PRODUCT_NAME = "$(TARGET_NAME)";
				SUPPORTED_PLATFORMS = "iphoneos iphonesimulator";
				SUPPORTS_MACCATALYST = NO;
				SUPPORTS_MAC_DESIGNED_FOR_IPHONE_IPAD = NO;
				SWIFT_EMIT_LOC_STRINGS = YES;
				SWIFT_VERSION = 5.0;
				TARGETED_DEVICE_FAMILY = "1,2";
			};
			name = Debug;
		};
		18882F0E2AF4108F003DF668 /* Release */ = {
			isa = XCBuildConfiguration;
			buildSettings = {
				ASSETCATALOG_COMPILER_APPICON_NAME = AppIcon;
				ASSETCATALOG_COMPILER_GLOBAL_ACCENT_COLOR_NAME = AccentColor;
				CODE_SIGN_STYLE = Automatic;
				CURRENT_PROJECT_VERSION = 1;
				DEVELOPMENT_TEAM = DFJ92ZS92X;
				GENERATE_INFOPLIST_FILE = YES;
				INFOPLIST_FILE = CustomSegmentController/Info.plist;
				INFOPLIST_KEY_UIApplicationSupportsIndirectInputEvents = YES;
				INFOPLIST_KEY_UILaunchStoryboardName = LaunchScreen;
				INFOPLIST_KEY_UIMainStoryboardFile = Main;
				INFOPLIST_KEY_UISupportedInterfaceOrientations = UIInterfaceOrientationPortrait;
				LD_RUNPATH_SEARCH_PATHS = (
					"$(inherited)",
					"@executable_path/Frameworks",
				);
				MARKETING_VERSION = 1.0;
				PRODUCT_BUNDLE_IDENTIFIER = com.customSegmentController.CustomSegmentController;
				PRODUCT_NAME = "$(TARGET_NAME)";
				SUPPORTED_PLATFORMS = "iphoneos iphonesimulator";
				SUPPORTS_MACCATALYST = NO;
				SUPPORTS_MAC_DESIGNED_FOR_IPHONE_IPAD = NO;
				SWIFT_EMIT_LOC_STRINGS = YES;
				SWIFT_VERSION = 5.0;
				TARGETED_DEVICE_FAMILY = "1,2";
			};
			name = Release;
		};
/* End XCBuildConfiguration section */

/* Begin XCConfigurationList section */
		18882EF32AF4108C003DF668 /* Build configuration list for PBXProject "CustomSegmentController" */ = {
			isa = XCConfigurationList;
			buildConfigurations = (
				18882F0A2AF4108F003DF668 /* Debug */,
				18882F0B2AF4108F003DF668 /* Release */,
			);
			defaultConfigurationIsVisible = 0;
			defaultConfigurationName = Release;
		};
		18882F0C2AF4108F003DF668 /* Build configuration list for PBXNativeTarget "CustomSegmentController" */ = {
			isa = XCConfigurationList;
			buildConfigurations = (
				18882F0D2AF4108F003DF668 /* Debug */,
				18882F0E2AF4108F003DF668 /* Release */,
			);
			defaultConfigurationIsVisible = 0;
			defaultConfigurationName = Release;
		};
/* End XCConfigurationList section */
	};
	rootObject = 18882EF02AF4108C003DF668 /* Project object */;
}
